<?xml version="1.0" encoding="utf-8"?>
<Project ToolsVersion="4.0" xmlns="http://schemas.microsoft.com/developer/msbuild/2003">
  <ItemGroup>
    <Filter Include="헤더 파일">
      <UniqueIdentifier>{93995380-89BD-4b04-88EB-625FBE52EBFB}</UniqueIdentifier>
      <Extensions>h;hh;hpp;hxx;hm;inl;inc;ipp;xsd</Extensions>
    </Filter>
    <Filter Include="에셋">
      <UniqueIdentifier>{72bec97b-4f60-4031-82d9-ec8ac6e5a93f}</UniqueIdentifier>
    </Filter>
    <Filter Include="에셋\번역 파일">
      <UniqueIdentifier>{cb9f888d-ffd8-49e1-8c66-1c2dc5dbc211}</UniqueIdentifier>
    </Filter>
    <Filter Include="프로젝트 설정 파일">
      <UniqueIdentifier>{754206cb-64c4-491e-8df7-5facca250158}</UniqueIdentifier>
    </Filter>
    <Filter Include="소스 파일">
      <UniqueIdentifier>{4FC737F1-C7A5-4376-A066-2A32D752A2FF}</UniqueIdentifier>
      <Extensions>cpp;c;cc;cxx;def;odl;idl;hpj;bat;asm;asmx</Extensions>
    </Filter>
  </ItemGroup>
  <ItemGroup>
    <ClCompile Include="src\colorMarkup.cpp">
      <Filter>소스 파일</Filter>
    </ClCompile>
    <ClCompile Include="src\pch.cpp">
      <Filter>소스 파일</Filter>
    </ClCompile>
    <ClCompile Include="src\main.cpp">
      <Filter>소스 파일</Filter>
    </ClCompile>
    <ClCompile Include="src\dllmain.cpp">
      <Filter>소스 파일</Filter>
    </ClCompile>
    <ClCompile Include="src\CCClass.cpp">
      <Filter>소스 파일</Filter>
    </ClCompile>
  </ItemGroup>
  <ItemGroup>
    <ClInclude Include="src\CCFunction.h">
      <Filter>헤더 파일</Filter>
    </ClInclude>
    <ClInclude Include="src\charColorInfo.h">
      <Filter>헤더 파일</Filter>
    </ClInclude>
    <ClInclude Include="src\colorMarkup.h">
      <Filter>헤더 파일</Filter>
    </ClInclude>
    <ClInclude Include="src\framework.h">
      <Filter>헤더 파일</Filter>
    </ClInclude>
    <ClInclude Include="src\pch.h">
      <Filter>헤더 파일</Filter>
    </ClInclude>
    <ClInclude Include="src\main.h">
      <Filter>헤더 파일</Filter>
    </ClInclude>
    <ClInclude Include="src\CCClass.h">
      <Filter>헤더 파일</Filter>
    </ClInclude>
    <ClInclude Include="src\CCStruct.h">
      <Filter>헤더 파일</Filter>
    </ClInclude>
    <ClInclude Include="src\CCConst.h">
      <Filter>헤더 파일</Filter>
    </ClInclude>
  </ItemGroup>
  <ItemGroup>
    <Text Include="asset\translation\reference\extradtedText.txt">
      <Filter>에셋\번역 파일</Filter>
    </Text>
  </ItemGroup>
  <ItemGroup>
    <None Include="asset\translation\reference\recorded-text.json">
      <Filter>에셋\번역 파일</Filter>
    </None>
    <None Include="asset\translation\ko-kr.json">
      <Filter>에셋\번역 파일</Filter>
    </None>
    <None Include=".gitignore">
      <Filter>프로젝트 설정 파일</Filter>
    </None>
    <None Include="README.md">
      <Filter>프로젝트 설정 파일</Filter>
    </None>
    <None Include="languagePatch.ruleset" />
  </ItemGroup>
</Project>